// !$*UTF8*$!
{
	archiveVersion = 1;
	classes = {
	};
	objectVersion = 46;
	objects = {

/* Begin PBXBuildFile section */
		EFD754751BBF6BD500F4CA18 /* AppDelegate.swift in Sources */ = {isa = PBXBuildFile; fileRef = EFD754741BBF6BD500F4CA18 /* AppDelegate.swift */; };
		EFD754771BBF6BD500F4CA18 /* ViewController.swift in Sources */ = {isa = PBXBuildFile; fileRef = EFD754761BBF6BD500F4CA18 /* ViewController.swift */; };
		EFD7547A1BBF6BD500F4CA18 /* Main.storyboard in Resources */ = {isa = PBXBuildFile; fileRef = EFD754781BBF6BD500F4CA18 /* Main.storyboard */; };
		EFD7547C1BBF6BD500F4CA18 /* Assets.xcassets in Resources */ = {isa = PBXBuildFile; fileRef = EFD7547B1BBF6BD500F4CA18 /* Assets.xcassets */; };
		EFD7547F1BBF6BD600F4CA18 /* LaunchScreen.storyboard in Resources */ = {isa = PBXBuildFile; fileRef = EFD7547D1BBF6BD600F4CA18 /* LaunchScreen.storyboard */; };
/* End PBXBuildFile section */

/* Begin PBXFileReference section */
		EFD754711BBF6BD500F4CA18 /* HowManyFingers.app */ = {isa = PBXFileReference; explicitFileType = wrapper.application; includeInIndex = 0; path = HowManyFingers.app; sourceTree = BUILT_PRODUCTS_DIR; };
		EFD754741BBF6BD500F4CA18 /* AppDelegate.swift */ = {isa = PBXFileReference; lastKnownFileType = sourcecode.swift; path = AppDelegate.swift; sourceTree = "<group>"; };
		EFD754761BBF6BD500F4CA18 /* ViewController.swift */ = {isa = PBXFileReference; lastKnownFileType = sourcecode.swift; path = ViewController.swift; sourceTree = "<group>"; };
		EFD754791BBF6BD500F4CA18 /* Base */ = {isa = PBXFileReference; lastKnownFileType = file.storyboard; name = Base; path = Base.lproj/Main.storyboard; sourceTree = "<group>"; };
		EFD7547B1BBF6BD500F4CA18 /* Assets.xcassets */ = {isa = PBXFileReference; lastKnownFileType = folder.assetcatalog; path = Assets.xcassets; sourceTree = "<group>"; };
		EFD7547E1BBF6BD600F4CA18 /* Base */ = {isa = PBXFileReference; lastKnownFileType = file.storyboard; name = Base; path = Base.lproj/LaunchScreen.storyboard; sourceTree = "<group>"; };
		EFD754801BBF6BD600F4CA18 /* Info.plist */ = {isa = PBXFileReference; lastKnownFileType = text.plist.xml; path = Info.plist; sourceTree = "<group>"; };
/* End PBXFileReference section */

/* Begin PBXFrameworksBuildPhase section */
		EFD7546E1BBF6BD500F4CA18 /* Frameworks */ = {
			isa = PBXFrameworksBuildPhase;
			buildActionMask = 2147483647;
			files = (
			);
			runOnlyForDeploymentPostprocessing = 0;
		};
/* End PBXFrameworksBuildPhase section */

/* Begin PBXGroup section */
		EFD754681BBF6BD500F4CA18 = {
			isa = PBXGroup;
			children = (
				EFD754731BBF6BD500F4CA18 /* HowManyFingers */,
				EFD754721BBF6BD500F4CA18 /* Products */,
			);
			sourceTree = "<group>";
		};
		EFD754721BBF6BD500F4CA18 /* Products */ = {
			isa = PBXGroup;
			children = (
				EFD754711BBF6BD500F4CA18 /* HowManyFingers.app */,
			);
			name = Products;
			sourceTree = "<group>";
		};
		EFD754731BBF6BD500F4CA18 /* HowManyFingers */ = {
			isa = PBXGroup;
			children = (
				EFD754741BBF6BD500F4CA18 /* AppDelegate.swift */,
				EFD754761BBF6BD500F4CA18 /* ViewController.swift */,
				EFD754781BBF6BD500F4CA18 /* Main.storyboard */,
				EFD7547B1BBF6BD500F4CA18 /* Assets.xcassets */,
				EFD7547D1BBF6BD600F4CA18 /* LaunchScreen.storyboard */,
				EFD754801BBF6BD600F4CA18 /* Info.plist */,
			);
			path = HowManyFingers;
			sourceTree = "<group>";
		};
/* End PBXGroup section */

/* Begin PBXNativeTarget section */
		EFD754701BBF6BD500F4CA18 /* HowManyFingers */ = {
			isa = PBXNativeTarget;
			buildConfigurationList = EFD754831BBF6BD600F4CA18 /* Build configuration list for PBXNativeTarget "HowManyFingers" */;
			buildPhases = (
				EFD7546D1BBF6BD500F4CA18 /* Sources */,
				EFD7546E1BBF6BD500F4CA18 /* Frameworks */,
				EFD7546F1BBF6BD500F4CA18 /* Resources */,
			);
			buildRules = (
			);
			dependencies = (
			);
			name = HowManyFingers;
			productName = HowManyFingers;
			productReference = EFD754711BBF6BD500F4CA18 /* HowManyFingers.app */;
			productType = "com.apple.product-type.application";
		};
/* End PBXNativeTarget section */

/* Begin PBXProject section */
		EFD754691BBF6BD500F4CA18 /* Project object */ = {
			isa = PBXProject;
			attributes = {
				LastUpgradeCheck = 0710;
				ORGANIZATIONNAME = RNJ;
				TargetAttributes = {
					EFD754701BBF6BD500F4CA18 = {
						CreatedOnToolsVersion = 7.1;
						DevelopmentTeam = PM372Q4M55;
					};
				};
			};
			buildConfigurationList = EFD7546C1BBF6BD500F4CA18 /* Build configuration list for PBXProject "HowManyFingers" */;
			compatibilityVersion = "Xcode 3.2";
			developmentRegion = English;
			hasScannedForEncodings = 0;
			knownRegions = (
				en,
				Base,
			);
			mainGroup = EFD754681BBF6BD500F4CA18;
			productRefGroup = EFD754721BBF6BD500F4CA18 /* Products */;
			projectDirPath = "";
			projectRoot = "";
			targets = (
				EFD754701BBF6BD500F4CA18 /* HowManyFingers */,
			);
		};
/* End PBXProject section */

/* Begin PBXResourcesBuildPhase section */
		EFD7546F1BBF6BD500F4CA18 /* Resources */ = {
			isa = PBXResourcesBuildPhase;
			buildActionMask = 2147483647;
			files = (
				EFD7547F1BBF6BD600F4CA18 /* LaunchScreen.storyboard in Resources */,
				EFD7547C1BBF6BD500F4CA18 /* Assets.xcassets in Resources */,
				EFD7547A1BBF6BD500F4CA18 /* Main.storyboard in Resources */,
			);
			runOnlyForDeploymentPostprocessing = 0;
		};
/* End PBXResourcesBuildPhase section */

/* Begin PBXSourcesBuildPhase section */
		EFD7546D1BBF6BD500F4CA18 /* Sources */ = {
			isa = PBXSourcesBuildPhase;
			buildActionMask = 2147483647;
			files = (
				EFD754771BBF6BD500F4CA18 /* ViewController.swift in Sources */,
				EFD754751BBF6BD500F4CA18 /* AppDelegate.swift in Sources */,
			);
			runOnlyForDeploymentPostprocessing = 0;
		};
/* End PBXSourcesBuildPhase section */

/* Begin PBXVariantGroup section */
		EFD754781BBF6BD500F4CA18 /* Main.storyboard */ = {
			isa = PBXVariantGroup;
			children = (
				EFD754791BBF6BD500F4CA18 /* Base */,
			);
			name = Main.storyboard;
			sourceTree = "<group>";
		};
		EFD7547D1BBF6BD600F4CA18 /* LaunchScreen.storyboard */ = {
			isa = PBXVariantGroup;
			children = (
				EFD7547E1BBF6BD600F4CA18 /* Base */,
			);
			name = LaunchScreen.storyboard;
			sourceTree = "<group>";
		};
/* End PBXVariantGroup section */

/* Begin XCBuildConfiguration section */
		EFD754811BBF6BD600F4CA18 /* Debug */ = {
			isa = XCBuildConfiguration;
			buildSettings = {
				ALWAYS_SEARCH_USER_PATHS = NO;
				CLANG_CXX_LANGUAGE_STANDARD = "gnu++0x";
				CLANG_CXX_LIBRARY = "libc++";
				CLANG_ENABLE_MODULES = YES;
				CLANG_ENABLE_OBJC_ARC = YES;
				CLANG_WARN_BOOL_CONVERSION = YES;
				CLANG_WARN_CONSTANT_CONVERSION = YES;
				CLANG_WARN_DIRECT_OBJC_ISA_USAGE = YES_ERROR;
				CLANG_WARN_EMPTY_BODY = YES;
				CLANG_WARN_ENUM_CONVERSION = YES;
				CLANG_WARN_INT_CONVERSION = YES;
				CLANG_WARN_OBJC_ROOT_CLASS = YES_ERROR;
				CLANG_WARN_UNREACHABLE_CODE = YES;
				CLANG_WARN__DUPLICATE_METHOD_MATCH = YES;
				"CODE_SIGN_IDENTITY[sdk=iphoneos*]" = "iPhone Developer";
				COPY_PHASE_STRIP = NO;
				DEBUG_INFORMATION_FORMAT = dwarf;
				ENABLE_STRICT_OBJC_MSGSEND = YES;
				ENABLE_TESTABILITY = YES;
				GCC_C_LANGUAGE_STANDARD = gnu99;
				GCC_DYNAMIC_NO_PIC = NO;
				GCC_NO_COMMON_BLOCKS = YES;
				GCC_OPTIMIZATION_LEVEL = 0;
				GCC_PREPROCESSOR_DEFINITIONS = (
					"DEBUG=1",
					"$(inherited)",
				);
				GCC_WARN_64_TO_32_BIT_CONVERSION = YES;
				GCC_WARN_ABOUT_RETURN_TYPE = YES_ERROR;
				GCC_WARN_UNDECLARED_SELECTOR = YES;
				GCC_WARN_UNINITIALIZED_AUTOS = YES_AGGRESSIVE;
				GCC_WARN_UNUSED_FUNCTION = YES;
				GCC_WARN_UNUSED_VARIABLE = YES;
				IPHONEOS_DEPLOYMENT_TARGET = 9.1;
				MTL_ENABLE_DEBUG_INFO = YES;
				ONLY_ACTIVE_ARCH = YES;
				SDKROOT = iphoneos;
				SWIFT_OPTIMIZATION_LEVEL = "-Onone";
			};
			name = Debug;
		};
		EFD754821BBF6BD600F4CA18 /* Release */ = {
			isa = XCBuildConfiguration;
			buildSettings = {
				ALWAYS_SEARCH_USER_PATHS = NO;
				CLANG_CXX_LANGUAGE_STANDARD = "gnu++0x";
				CLANG_CXX_LIBRARY = "libc++";
				CLANG_ENABLE_MODULES = YES;
				CLANG_ENABLE_OBJC_ARC = YES;
				CLANG_WARN_BOOL_CONVERSION = YES;
				CLANG_WARN_CONSTANT_CONVERSION = YES;
				CLANG_WARN_DIRECT_OBJC_ISA_USAGE = YES_ERROR;
				CLANG_WARN_EMPTY_BODY = YES;
				CLANG_WARN_ENUM_CONVERSION = YES;
				CLANG_WARN_INT_CONVERSION = YES;
				CLANG_WARN_OBJC_ROOT_CLASS = YES_ERROR;
				CLANG_WARN_UNREACHABLE_CODE = YES;
				CLANG_WARN__DUPLICATE_METHOD_MATCH = YES;
				"CODE_SIGN_IDENTITY[sdk=iphoneos*]" = "iPhone Developer";
				COPY_PHASE_STRIP = NO;
				DEBUG_INFORMATION_FORMAT = "dwarf-with-dsym";
				ENABLE_NS_ASSERTIONS = NO;
				ENABLE_STRICT_OBJC_MSGSEND = YES;
				GCC_C_LANGUAGE_STANDARD = gnu99;
				GCC_NO_COMMON_BLOCKS = YES;
				GCC_WARN_64_TO_32_BIT_CONVERSION = YES;
				GCC_WARN_ABOUT_RETURN_TYPE = YES_ERROR;
				GCC_WARN_UNDECLARED_SELECTOR = YES;
				GCC_WARN_UNINITIALIZED_AUTOS = YES_AGGRESSIVE;
				GCC_WARN_UNUSED_FUNCTION = YES;
				GCC_WARN_UNUSED_VARIABLE = YES;
				IPHONEOS_DEPLOYMENT_TARGET = 9.1;
				MTL_ENABLE_DEBUG_INFO = NO;
				SDKROOT = iphoneos;
				VALIDATE_PRODUCT = YES;
			};
			name = Release;
		};
		EFD754841BBF6BD600F4CA18 /* Debug */ = {
			isa = XCBuildConfiguration;
			buildSettings = {
				ASSETCATALOG_COMPILER_APPICON_NAME = AppIcon;
				INFOPLIST_FILE = HowManyFingers/Info.plist;
				LD_RUNPATH_SEARCH_PATHS = "$(inherited) @executable_path/Frameworks";
				PRODUCT_BUNDLE_IDENTIFIER = com.RNJ.HowManyFingers;
				PRODUCT_NAME = "$(TARGET_NAME)";
			};
			name = Debug;
		};
		EFD754851BBF6BD600F4CA18 /* Release */ = {
			isa = XCBuildConfiguration;
			buildSettings = {
				ASSETCATALOG_COMPILER_APPICON_NAME = AppIcon;
				INFOPLIST_FILE = HowManyFingers/Info.plist;
				LD_RUNPATH_SEARCH_PATHS = "$(inherited) @executable_path/Frameworks";
				PRODUCT_BUNDLE_IDENTIFIER = com.RNJ.HowManyFingers;
				PRODUCT_NAME = "$(TARGET_NAME)";
			};
			name = Release;
		};
/* End XCBuildConfiguration section */

/* Begin XCConfigurationList section */
		EFD7546C1BBF6BD500F4CA18 /* Build configuration list for PBXProject "HowManyFingers" */ = {
			isa = XCConfigurationList;
			buildConfigurations = (
				EFD754811BBF6BD600F4CA18 /* Debug */,
				EFD754821BBF6BD600F4CA18 /* Release */,
			);
			defaultConfigurationIsVisible = 0;
			defaultConfigurationName = Release;
		};
		EFD754831BBF6BD600F4CA18 /* Build configuration list for PBXNativeTarget "HowManyFingers" */ = {
			isa = XCConfigurationList;
			buildConfigurations = (
				EFD754841BBF6BD600F4CA18 /* Debug */,
				EFD754851BBF6BD600F4CA18 /* Release */,
			);
			defaultConfigurationIsVisible = 0;
		};
/* End XCConfigurationList section */
	};
	rootObject = EFD754691BBF6BD500F4CA18 /* Project object */;
}
